
Microsoft Visual Studio Solution File, Format Version 12.00
# Visual Studio Version 17
VisualStudioVersion = 17.11.35303.130
MinimumVisualStudioVersion = 10.0.40219.1
Project("{FAE04EC0-301F-11D3-BF4B-00C04F79EFBC}") = "Programa", "Programa\Programa.csproj", "{FA7E8387-2C98-4614-A04B-BF39FFAFDB00}"
EndProject
Global
	GlobalSection(SolutionConfigurationPlatforms) = preSolution
		Debug|Any CPU = Debug|Any CPU
		Release|Any CPU = Release|Any CPU
	EndGlobalSection
	GlobalSection(ProjectConfigurationPlatforms) = postSolution
		{FA7E8387-2C98-4614-A04B-BF39FFAFDB00}.Debug|Any CPU.ActiveCfg = Debug|Any CPU
		{FA7E8387-2C98-4614-A04B-BF39FFAFDB00}.Debug|Any CPU.Build.0 = Debug|Any CPU
		{FA7E8387-2C98-4614-A04B-BF39FFAFDB00}.Release|Any CPU.ActiveCfg = Release|Any CPU
		{FA7E8387-2C98-4614-A04B-BF39FFAFDB00}.Release|Any CPU.Build.0 = Release|Any CPU
	EndGlobalSection
	GlobalSection(SolutionProperties) = preSolution
		HideSolutionNode = FALSE
	EndGlobalSection
	GlobalSection(ExtensibilityGlobals) = postSolution
		SolutionGuid = {8C64D9E6-813A-4D53-B8EF-22CCCA5D337D}
	EndGlobalSection
EndGlobal
